Microsoft Visual Studio Solution File, Format Version 11.00
# Visual Studio 2010
Project("{FAE04EC0-301F-11D3-BF4B-00C04F79EFBC}") = "Assembly-CSharp-firstpass", "Assembly-CSharp-firstpass.csproj", "{5BA1298B-2C9D-B07F-A38F-9A08C436FB2D}"
EndProject
Project("{FAE04EC0-301F-11D3-BF4B-00C04F79EFBC}") = "Assembly-CSharp", "Assembly-CSharp.csproj", "{B1BFEEB8-8E72-C31D-C960-0F182F6D2D9C}"
EndProject
Project("{FAE04EC0-301F-11D3-BF4B-00C04F79EFBC}") = "Assembly-CSharp-Editor-firstpass", "Assembly-CSharp-Editor-firstpass.csproj", "{08C0428F-B8FB-66B3-02A7-8CFA8B6B60EF}"
EndProject
Global
	GlobalSection(SolutionConfigurationPlatforms) = preSolution
		Debug|Any CPU = Debug|Any CPU
		Release|Any CPU = Release|Any CPU
	EndGlobalSection
	GlobalSection(ProjectConfigurationPlatforms) = postSolution
		{5BA1298B-2C9D-B07F-A38F-9A08C436FB2D}.Debug|Any CPU.ActiveCfg = Debug|Any CPU
		{5BA1298B-2C9D-B07F-A38F-9A08C436FB2D}.Debug|Any CPU.Build.0 = Debug|Any CPU
		{5BA1298B-2C9D-B07F-A38F-9A08C436FB2D}.Release|Any CPU.ActiveCfg = Release|Any CPU
		{5BA1298B-2C9D-B07F-A38F-9A08C436FB2D}.Release|Any CPU.Build.0 = Release|Any CPU
		{B1BFEEB8-8E72-C31D-C960-0F182F6D2D9C}.Debug|Any CPU.ActiveCfg = Debug|Any CPU
		{B1BFEEB8-8E72-C31D-C960-0F182F6D2D9C}.Debug|Any CPU.Build.0 = Debug|Any CPU
		{B1BFEEB8-8E72-C31D-C960-0F182F6D2D9C}.Release|Any CPU.ActiveCfg = Release|Any CPU
		{B1BFEEB8-8E72-C31D-C960-0F182F6D2D9C}.Release|Any CPU.Build.0 = Release|Any CPU
		{08C0428F-B8FB-66B3-02A7-8CFA8B6B60EF}.Debug|Any CPU.ActiveCfg = Debug|Any CPU
		{08C0428F-B8FB-66B3-02A7-8CFA8B6B60EF}.Debug|Any CPU.Build.0 = Debug|Any CPU
		{08C0428F-B8FB-66B3-02A7-8CFA8B6B60EF}.Release|Any CPU.ActiveCfg = Release|Any CPU
		{08C0428F-B8FB-66B3-02A7-8CFA8B6B60EF}.Release|Any CPU.Build.0 = Release|Any CPU
	EndGlobalSection
	GlobalSection(SolutionProperties) = preSolution
		HideSolutionNode = FALSE
	EndGlobalSection
	GlobalSection(MonoDevelopProperties) = preSolution
		StartupItem = Assembly-CSharp.csproj
	EndGlobalSection
EndGlobal
